// !$*UTF8*$!
{
	archiveVersion = 1;
	classes = {
	};
	objectVersion = 50;
	objects = {

/* Begin PBXBuildFile section */
		035C1AC80CDF095833E749C8 /* Pods_ParstagramTests.framework in Frameworks */ = {isa = PBXBuildFile; fileRef = 365EFB9BEA7CEBB5C5D18F47 /* Pods_ParstagramTests.framework */; };
		1561CE242224A1DF001DDB45 /* AppDelegate.swift in Sources */ = {isa = PBXBuildFile; fileRef = 1561CE232224A1DF001DDB45 /* AppDelegate.swift */; };
		1561CE292224A1DF001DDB45 /* Main.storyboard in Resources */ = {isa = PBXBuildFile; fileRef = 1561CE272224A1DF001DDB45 /* Main.storyboard */; };
		1561CE2B2224A1E0001DDB45 /* Assets.xcassets in Resources */ = {isa = PBXBuildFile; fileRef = 1561CE2A2224A1E0001DDB45 /* Assets.xcassets */; };
		1561CE2E2224A1E0001DDB45 /* LaunchScreen.storyboard in Resources */ = {isa = PBXBuildFile; fileRef = 1561CE2C2224A1E0001DDB45 /* LaunchScreen.storyboard */; };
		1561CE392224A1E0001DDB45 /* ParstagramTests.swift in Sources */ = {isa = PBXBuildFile; fileRef = 1561CE382224A1E0001DDB45 /* ParstagramTests.swift */; };
		1561CE442224A1E0001DDB45 /* ParstagramUITests.swift in Sources */ = {isa = PBXBuildFile; fileRef = 1561CE432224A1E0001DDB45 /* ParstagramUITests.swift */; };
		1561CE522224A333001DDB45 /* LoginViewController.swift in Sources */ = {isa = PBXBuildFile; fileRef = 1561CE512224A333001DDB45 /* LoginViewController.swift */; };
		159E6A8E2224B09900809C5E /* FeedViewController.swift in Sources */ = {isa = PBXBuildFile; fileRef = 159E6A8D2224B09900809C5E /* FeedViewController.swift */; };
		159E6A902224B54F00809C5E /* CameraViewController.swift in Sources */ = {isa = PBXBuildFile; fileRef = 159E6A8F2224B54F00809C5E /* CameraViewController.swift */; };
		159E6A922224C52700809C5E /* PostCell.swift in Sources */ = {isa = PBXBuildFile; fileRef = 159E6A912224C52700809C5E /* PostCell.swift */; };
		15DB3AC8222E42740001C2EB /* CommentCell.swift in Sources */ = {isa = PBXBuildFile; fileRef = 15DB3AC7222E42740001C2EB /* CommentCell.swift */; };
		48174D64F568725DC6C0FB2F /* Pods_Parstagram.framework in Frameworks */ = {isa = PBXBuildFile; fileRef = 58E674FBEDD831ECD31E2359 /* Pods_Parstagram.framework */; };
		83BB077916F2641858E35E59 /* Pods_ParstagramUITests.framework in Frameworks */ = {isa = PBXBuildFile; fileRef = 3A7B9E88A054EFD02C709C8E /* Pods_ParstagramUITests.framework */; };
/* End PBXBuildFile section */

/* Begin PBXContainerItemProxy section */
		1561CE352224A1E0001DDB45 /* PBXContainerItemProxy */ = {
			isa = PBXContainerItemProxy;
			containerPortal = 1561CE182224A1DF001DDB45 /* Project object */;
			proxyType = 1;
			remoteGlobalIDString = 1561CE1F2224A1DF001DDB45;
			remoteInfo = Parstagram;
		};
		1561CE402224A1E0001DDB45 /* PBXContainerItemProxy */ = {
			isa = PBXContainerItemProxy;
			containerPortal = 1561CE182224A1DF001DDB45 /* Project object */;
			proxyType = 1;
			remoteGlobalIDString = 1561CE1F2224A1DF001DDB45;
			remoteInfo = Parstagram;
		};
/* End PBXContainerItemProxy section */

/* Begin PBXFileReference section */
		1561CE202224A1DF001DDB45 /* Parstagram.app */ = {isa = PBXFileReference; explicitFileType = wrapper.application; includeInIndex = 0; path = Parstagram.app; sourceTree = BUILT_PRODUCTS_DIR; };
		1561CE232224A1DF001DDB45 /* AppDelegate.swift */ = {isa = PBXFileReference; lastKnownFileType = sourcecode.swift; path = AppDelegate.swift; sourceTree = "<group>"; };
		1561CE282224A1DF001DDB45 /* Base */ = {isa = PBXFileReference; lastKnownFileType = file.storyboard; name = Base; path = Base.lproj/Main.storyboard; sourceTree = "<group>"; };
		1561CE2A2224A1E0001DDB45 /* Assets.xcassets */ = {isa = PBXFileReference; lastKnownFileType = folder.assetcatalog; path = Assets.xcassets; sourceTree = "<group>"; };
		1561CE2D2224A1E0001DDB45 /* Base */ = {isa = PBXFileReference; lastKnownFileType = file.storyboard; name = Base; path = Base.lproj/LaunchScreen.storyboard; sourceTree = "<group>"; };
		1561CE2F2224A1E0001DDB45 /* Info.plist */ = {isa = PBXFileReference; lastKnownFileType = text.plist.xml; path = Info.plist; sourceTree = "<group>"; };
		1561CE342224A1E0001DDB45 /* ParstagramTests.xctest */ = {isa = PBXFileReference; explicitFileType = wrapper.cfbundle; includeInIndex = 0; path = ParstagramTests.xctest; sourceTree = BUILT_PRODUCTS_DIR; };
		1561CE382224A1E0001DDB45 /* ParstagramTests.swift */ = {isa = PBXFileReference; lastKnownFileType = sourcecode.swift; path = ParstagramTests.swift; sourceTree = "<group>"; };
		1561CE3A2224A1E0001DDB45 /* Info.plist */ = {isa = PBXFileReference; lastKnownFileType = text.plist.xml; path = Info.plist; sourceTree = "<group>"; };
		1561CE3F2224A1E0001DDB45 /* ParstagramUITests.xctest */ = {isa = PBXFileReference; explicitFileType = wrapper.cfbundle; includeInIndex = 0; path = ParstagramUITests.xctest; sourceTree = BUILT_PRODUCTS_DIR; };
		1561CE432224A1E0001DDB45 /* ParstagramUITests.swift */ = {isa = PBXFileReference; lastKnownFileType = sourcecode.swift; path = ParstagramUITests.swift; sourceTree = "<group>"; };
		1561CE452224A1E0001DDB45 /* Info.plist */ = {isa = PBXFileReference; lastKnownFileType = text.plist.xml; path = Info.plist; sourceTree = "<group>"; };
		1561CE512224A333001DDB45 /* LoginViewController.swift */ = {isa = PBXFileReference; lastKnownFileType = sourcecode.swift; path = LoginViewController.swift; sourceTree = "<group>"; };
		159E6A8D2224B09900809C5E /* FeedViewController.swift */ = {isa = PBXFileReference; lastKnownFileType = sourcecode.swift; path = FeedViewController.swift; sourceTree = "<group>"; };
		159E6A8F2224B54F00809C5E /* CameraViewController.swift */ = {isa = PBXFileReference; lastKnownFileType = sourcecode.swift; path = CameraViewController.swift; sourceTree = "<group>"; };
		159E6A912224C52700809C5E /* PostCell.swift */ = {isa = PBXFileReference; lastKnownFileType = sourcecode.swift; path = PostCell.swift; sourceTree = "<group>"; };
		15DB3AC7222E42740001C2EB /* CommentCell.swift */ = {isa = PBXFileReference; lastKnownFileType = sourcecode.swift; path = CommentCell.swift; sourceTree = "<group>"; };
		1CDE8427D5DF2993894E805D /* Pods-ParstagramTests.debug.xcconfig */ = {isa = PBXFileReference; includeInIndex = 1; lastKnownFileType = text.xcconfig; name = "Pods-ParstagramTests.debug.xcconfig"; path = "Pods/Target Support Files/Pods-ParstagramTests/Pods-ParstagramTests.debug.xcconfig"; sourceTree = "<group>"; };
		365EFB9BEA7CEBB5C5D18F47 /* Pods_ParstagramTests.framework */ = {isa = PBXFileReference; explicitFileType = wrapper.framework; includeInIndex = 0; path = Pods_ParstagramTests.framework; sourceTree = BUILT_PRODUCTS_DIR; };
		365FA0DB13ED5EA662FEAB7C /* Pods-ParstagramTests.release.xcconfig */ = {isa = PBXFileReference; includeInIndex = 1; lastKnownFileType = text.xcconfig; name = "Pods-ParstagramTests.release.xcconfig"; path = "Pods/Target Support Files/Pods-ParstagramTests/Pods-ParstagramTests.release.xcconfig"; sourceTree = "<group>"; };
		3A7B9E88A054EFD02C709C8E /* Pods_ParstagramUITests.framework */ = {isa = PBXFileReference; explicitFileType = wrapper.framework; includeInIndex = 0; path = Pods_ParstagramUITests.framework; sourceTree = BUILT_PRODUCTS_DIR; };
		3DDA4166F92CBC1D2E03CF7E /* Pods-ParstagramUITests.release.xcconfig */ = {isa = PBXFileReference; includeInIndex = 1; lastKnownFileType = text.xcconfig; name = "Pods-ParstagramUITests.release.xcconfig"; path = "Pods/Target Support Files/Pods-ParstagramUITests/Pods-ParstagramUITests.release.xcconfig"; sourceTree = "<group>"; };
		58E674FBEDD831ECD31E2359 /* Pods_Parstagram.framework */ = {isa = PBXFileReference; explicitFileType = wrapper.framework; includeInIndex = 0; path = Pods_Parstagram.framework; sourceTree = BUILT_PRODUCTS_DIR; };
		699B873F7CC4EEAF707EA3D1 /* Pods-Parstagram.debug.xcconfig */ = {isa = PBXFileReference; includeInIndex = 1; lastKnownFileType = text.xcconfig; name = "Pods-Parstagram.debug.xcconfig"; path = "Pods/Target Support Files/Pods-Parstagram/Pods-Parstagram.debug.xcconfig"; sourceTree = "<group>"; };
		7B3161A042D05B306C8D5CB2 /* Pods-ParstagramUITests.debug.xcconfig */ = {isa = PBXFileReference; includeInIndex = 1; lastKnownFileType = text.xcconfig; name = "Pods-ParstagramUITests.debug.xcconfig"; path = "Pods/Target Support Files/Pods-ParstagramUITests/Pods-ParstagramUITests.debug.xcconfig"; sourceTree = "<group>"; };
		9FAE4A8B07EF7D2824798614 /* Pods-Parstagram.release.xcconfig */ = {isa = PBXFileReference; includeInIndex = 1; lastKnownFileType = text.xcconfig; name = "Pods-Parstagram.release.xcconfig"; path = "Pods/Target Support Files/Pods-Parstagram/Pods-Parstagram.release.xcconfig"; sourceTree = "<group>"; };
/* End PBXFileReference section */

/* Begin PBXFrameworksBuildPhase section */
		1561CE1D2224A1DF001DDB45 /* Frameworks */ = {
			isa = PBXFrameworksBuildPhase;
			buildActionMask = 2147483647;
			files = (
				48174D64F568725DC6C0FB2F /* Pods_Parstagram.framework in Frameworks */,
			);
			runOnlyForDeploymentPostprocessing = 0;
		};
		1561CE312224A1E0001DDB45 /* Frameworks */ = {
			isa = PBXFrameworksBuildPhase;
			buildActionMask = 2147483647;
			files = (
				035C1AC80CDF095833E749C8 /* Pods_ParstagramTests.framework in Frameworks */,
			);
			runOnlyForDeploymentPostprocessing = 0;
		};
		1561CE3C2224A1E0001DDB45 /* Frameworks */ = {
			isa = PBXFrameworksBuildPhase;
			buildActionMask = 2147483647;
			files = (
				83BB077916F2641858E35E59 /* Pods_ParstagramUITests.framework in Frameworks */,
			);
			runOnlyForDeploymentPostprocessing = 0;
		};
/* End PBXFrameworksBuildPhase section */

/* Begin PBXGroup section */
		02B37CA72296E27AF06BF938 /* Pods */ = {
			isa = PBXGroup;
			children = (
				699B873F7CC4EEAF707EA3D1 /* Pods-Parstagram.debug.xcconfig */,
				9FAE4A8B07EF7D2824798614 /* Pods-Parstagram.release.xcconfig */,
				1CDE8427D5DF2993894E805D /* Pods-ParstagramTests.debug.xcconfig */,
				365FA0DB13ED5EA662FEAB7C /* Pods-ParstagramTests.release.xcconfig */,
				7B3161A042D05B306C8D5CB2 /* Pods-ParstagramUITests.debug.xcconfig */,
				3DDA4166F92CBC1D2E03CF7E /* Pods-ParstagramUITests.release.xcconfig */,
			);
			name = Pods;
			sourceTree = "<group>";
		};
		1561CE172224A1DF001DDB45 = {
			isa = PBXGroup;
			children = (
				1561CE222224A1DF001DDB45 /* Parstagram */,
				1561CE372224A1E0001DDB45 /* ParstagramTests */,
				1561CE422224A1E0001DDB45 /* ParstagramUITests */,
				1561CE212224A1DF001DDB45 /* Products */,
				02B37CA72296E27AF06BF938 /* Pods */,
				F575B7024D0CC8EF21D6A1FC /* Frameworks */,
			);
			sourceTree = "<group>";
		};
		1561CE212224A1DF001DDB45 /* Products */ = {
			isa = PBXGroup;
			children = (
				1561CE202224A1DF001DDB45 /* Parstagram.app */,
				1561CE342224A1E0001DDB45 /* ParstagramTests.xctest */,
				1561CE3F2224A1E0001DDB45 /* ParstagramUITests.xctest */,
			);
			name = Products;
			sourceTree = "<group>";
		};
		1561CE222224A1DF001DDB45 /* Parstagram */ = {
			isa = PBXGroup;
			children = (
				1561CE232224A1DF001DDB45 /* AppDelegate.swift */,
				1561CE272224A1DF001DDB45 /* Main.storyboard */,
				1561CE2A2224A1E0001DDB45 /* Assets.xcassets */,
				1561CE2C2224A1E0001DDB45 /* LaunchScreen.storyboard */,
				1561CE2F2224A1E0001DDB45 /* Info.plist */,
				1561CE512224A333001DDB45 /* LoginViewController.swift */,
				159E6A8D2224B09900809C5E /* FeedViewController.swift */,
				159E6A8F2224B54F00809C5E /* CameraViewController.swift */,
				159E6A912224C52700809C5E /* PostCell.swift */,
				15DB3AC7222E42740001C2EB /* CommentCell.swift */,
			);
			path = Parstagram;
			sourceTree = "<group>";
		};
		1561CE372224A1E0001DDB45 /* ParstagramTests */ = {
			isa = PBXGroup;
			children = (
				1561CE382224A1E0001DDB45 /* ParstagramTests.swift */,
				1561CE3A2224A1E0001DDB45 /* Info.plist */,
			);
			path = ParstagramTests;
			sourceTree = "<group>";
		};
		1561CE422224A1E0001DDB45 /* ParstagramUITests */ = {
			isa = PBXGroup;
			children = (
				1561CE432224A1E0001DDB45 /* ParstagramUITests.swift */,
				1561CE452224A1E0001DDB45 /* Info.plist */,
			);
			path = ParstagramUITests;
			sourceTree = "<group>";
		};
		F575B7024D0CC8EF21D6A1FC /* Frameworks */ = {
			isa = PBXGroup;
			children = (
				58E674FBEDD831ECD31E2359 /* Pods_Parstagram.framework */,
				365EFB9BEA7CEBB5C5D18F47 /* Pods_ParstagramTests.framework */,
				3A7B9E88A054EFD02C709C8E /* Pods_ParstagramUITests.framework */,
			);
			name = Frameworks;
			sourceTree = "<group>";
		};
/* End PBXGroup section */

/* Begin PBXNativeTarget section */
		1561CE1F2224A1DF001DDB45 /* Parstagram */ = {
			isa = PBXNativeTarget;
			buildConfigurationList = 1561CE482224A1E0001DDB45 /* Build configuration list for PBXNativeTarget "Parstagram" */;
			buildPhases = (
				471E5D8654351AA4CA4AB59D /* [CP] Check Pods Manifest.lock */,
				1561CE1C2224A1DF001DDB45 /* Sources */,
				1561CE1D2224A1DF001DDB45 /* Frameworks */,
				1561CE1E2224A1DF001DDB45 /* Resources */,
				293B754CDC63A99EC0390A9D /* [CP] Embed Pods Frameworks */,
			);
			buildRules = (
			);
			dependencies = (
			);
			name = Parstagram;
			productName = Parstagram;
			productReference = 1561CE202224A1DF001DDB45 /* Parstagram.app */;
			productType = "com.apple.product-type.application";
		};
		1561CE332224A1E0001DDB45 /* ParstagramTests */ = {
			isa = PBXNativeTarget;
			buildConfigurationList = 1561CE4B2224A1E0001DDB45 /* Build configuration list for PBXNativeTarget "ParstagramTests" */;
			buildPhases = (
				7830EC3F8FF6290833328166 /* [CP] Check Pods Manifest.lock */,
				1561CE302224A1E0001DDB45 /* Sources */,
				1561CE312224A1E0001DDB45 /* Frameworks */,
				1561CE322224A1E0001DDB45 /* Resources */,
			);
			buildRules = (
			);
			dependencies = (
				1561CE362224A1E0001DDB45 /* PBXTargetDependency */,
			);
			name = ParstagramTests;
			productName = ParstagramTests;
			productReference = 1561CE342224A1E0001DDB45 /* ParstagramTests.xctest */;
			productType = "com.apple.product-type.bundle.unit-test";
		};
		1561CE3E2224A1E0001DDB45 /* ParstagramUITests */ = {
			isa = PBXNativeTarget;
			buildConfigurationList = 1561CE4E2224A1E0001DDB45 /* Build configuration list for PBXNativeTarget "ParstagramUITests" */;
			buildPhases = (
				8E54CA367508E9D972F8BA26 /* [CP] Check Pods Manifest.lock */,
				1561CE3B2224A1E0001DDB45 /* Sources */,
				1561CE3C2224A1E0001DDB45 /* Frameworks */,
				1561CE3D2224A1E0001DDB45 /* Resources */,
			);
			buildRules = (
			);
			dependencies = (
				1561CE412224A1E0001DDB45 /* PBXTargetDependency */,
			);
			name = ParstagramUITests;
			productName = ParstagramUITests;
			productReference = 1561CE3F2224A1E0001DDB45 /* ParstagramUITests.xctest */;
			productType = "com.apple.product-type.bundle.ui-testing";
		};
/* End PBXNativeTarget section */

/* Begin PBXProject section */
		1561CE182224A1DF001DDB45 /* Project object */ = {
			isa = PBXProject;
			attributes = {
				LastSwiftUpdateCheck = 1010;
				LastUpgradeCheck = 1010;
				ORGANIZATIONNAME = codepath;
				TargetAttributes = {
					1561CE1F2224A1DF001DDB45 = {
						CreatedOnToolsVersion = 10.1;
					};
					1561CE332224A1E0001DDB45 = {
						CreatedOnToolsVersion = 10.1;
						TestTargetID = 1561CE1F2224A1DF001DDB45;
					};
					1561CE3E2224A1E0001DDB45 = {
						CreatedOnToolsVersion = 10.1;
						TestTargetID = 1561CE1F2224A1DF001DDB45;
					};
				};
			};
			buildConfigurationList = 1561CE1B2224A1DF001DDB45 /* Build configuration list for PBXProject "Parstagram" */;
			compatibilityVersion = "Xcode 9.3";
			developmentRegion = en;
			hasScannedForEncodings = 0;
			knownRegions = (
				en,
				Base,
			);
			mainGroup = 1561CE172224A1DF001DDB45;
			productRefGroup = 1561CE212224A1DF001DDB45 /* Products */;
			projectDirPath = "";
			projectRoot = "";
			targets = (
				1561CE1F2224A1DF001DDB45 /* Parstagram */,
				1561CE332224A1E0001DDB45 /* ParstagramTests */,
				1561CE3E2224A1E0001DDB45 /* ParstagramUITests */,
			);
		};
/* End PBXProject section */

/* Begin PBXResourcesBuildPhase section */
		1561CE1E2224A1DF001DDB45 /* Resources */ = {
			isa = PBXResourcesBuildPhase;
			buildActionMask = 2147483647;
			files = (
				1561CE2E2224A1E0001DDB45 /* LaunchScreen.storyboard in Resources */,
				1561CE2B2224A1E0001DDB45 /* Assets.xcassets in Resources */,
				1561CE292224A1DF001DDB45 /* Main.storyboard in Resources */,
			);
			runOnlyForDeploymentPostprocessing = 0;
		};
		1561CE322224A1E0001DDB45 /* Resources */ = {
			isa = PBXResourcesBuildPhase;
			buildActionMask = 2147483647;
			files = (
			);
			runOnlyForDeploymentPostprocessing = 0;
		};
		1561CE3D2224A1E0001DDB45 /* Resources */ = {
			isa = PBXResourcesBuildPhase;
			buildActionMask = 2147483647;
			files = (
			);
			runOnlyForDeploymentPostprocessing = 0;
		};
/* End PBXResourcesBuildPhase section */

/* Begin PBXShellScriptBuildPhase section */
		293B754CDC63A99EC0390A9D /* [CP] Embed Pods Frameworks */ = {
			isa = PBXShellScriptBuildPhase;
			buildActionMask = 2147483647;
			files = (
			);
			inputFileListPaths = (
			);
			inputPaths = (
				"${SRCROOT}/Pods/Target Support Files/Pods-Parstagram/Pods-Parstagram-frameworks.sh",
				"${BUILT_PRODUCTS_DIR}/Alamofire/Alamofire.framework",
				"${BUILT_PRODUCTS_DIR}/AlamofireImage/AlamofireImage.framework",
				"${BUILT_PRODUCTS_DIR}/Bolts/Bolts.framework",
				"${BUILT_PRODUCTS_DIR}/MessageInputBar/MessageInputBar.framework",
				"${BUILT_PRODUCTS_DIR}/Parse/Parse.framework",
			);
			name = "[CP] Embed Pods Frameworks";
			outputFileListPaths = (
			);
			outputPaths = (
				"${TARGET_BUILD_DIR}/${FRAMEWORKS_FOLDER_PATH}/Alamofire.framework",
				"${TARGET_BUILD_DIR}/${FRAMEWORKS_FOLDER_PATH}/AlamofireImage.framework",
				"${TARGET_BUILD_DIR}/${FRAMEWORKS_FOLDER_PATH}/Bolts.framework",
				"${TARGET_BUILD_DIR}/${FRAMEWORKS_FOLDER_PATH}/MessageInputBar.framework",
				"${TARGET_BUILD_DIR}/${FRAMEWORKS_FOLDER_PATH}/Parse.framework",
			);
			runOnlyForDeploymentPostprocessing = 0;
			shellPath = /bin/sh;
			shellScript = "\"${SRCROOT}/Pods/Target Support Files/Pods-Parstagram/Pods-Parstagram-frameworks.sh\"\n";
			showEnvVarsInLog = 0;
		};
		471E5D8654351AA4CA4AB59D /* [CP] Check Pods Manifest.lock */ = {
			isa = PBXShellScriptBuildPhase;
			buildActionMask = 2147483647;
			files = (
			);
			inputFileListPaths = (
			);
			inputPaths = (
				"${PODS_PODFILE_DIR_PATH}/Podfile.lock",
				"${PODS_ROOT}/Manifest.lock",
			);
			name = "[CP] Check Pods Manifest.lock";
			outputFileListPaths = (
			);
			outputPaths = (
				"$(DERIVED_FILE_DIR)/Pods-Parstagram-checkManifestLockResult.txt",
			);
			runOnlyForDeploymentPostprocessing = 0;
			shellPath = /bin/sh;
			shellScript = "diff \"${PODS_PODFILE_DIR_PATH}/Podfile.lock\" \"${PODS_ROOT}/Manifest.lock\" > /dev/null\nif [ $? != 0 ] ; then\n    # print error to STDERR\n    echo \"error: The sandbox is not in sync with the Podfile.lock. Run 'pod install' or update your CocoaPods installation.\" >&2\n    exit 1\nfi\n# This output is used by Xcode 'outputs' to avoid re-running this script phase.\necho \"SUCCESS\" > \"${SCRIPT_OUTPUT_FILE_0}\"\n";
			showEnvVarsInLog = 0;
		};
		7830EC3F8FF6290833328166 /* [CP] Check Pods Manifest.lock */ = {
			isa = PBXShellScriptBuildPhase;
			buildActionMask = 2147483647;
			files = (
			);
			inputFileListPaths = (
			);
			inputPaths = (
				"${PODS_PODFILE_DIR_PATH}/Podfile.lock",
				"${PODS_ROOT}/Manifest.lock",
			);
			name = "[CP] Check Pods Manifest.lock";
			outputFileListPaths = (
			);
			outputPaths = (
				"$(DERIVED_FILE_DIR)/Pods-ParstagramTests-checkManifestLockResult.txt",
			);
			runOnlyForDeploymentPostprocessing = 0;
			shellPath = /bin/sh;
			shellScript = "diff \"${PODS_PODFILE_DIR_PATH}/Podfile.lock\" \"${PODS_ROOT}/Manifest.lock\" > /dev/null\nif [ $? != 0 ] ; then\n    # print error to STDERR\n    echo \"error: The sandbox is not in sync with the Podfile.lock. Run 'pod install' or update your CocoaPods installation.\" >&2\n    exit 1\nfi\n# This output is used by Xcode 'outputs' to avoid re-running this script phase.\necho \"SUCCESS\" > \"${SCRIPT_OUTPUT_FILE_0}\"\n";
			showEnvVarsInLog = 0;
		};
		8E54CA367508E9D972F8BA26 /* [CP] Check Pods Manifest.lock */ = {
			isa = PBXShellScriptBuildPhase;
			buildActionMask = 2147483647;
			files = (
			);
			inputFileListPaths = (
			);
			inputPaths = (
				"${PODS_PODFILE_DIR_PATH}/Podfile.lock",
				"${PODS_ROOT}/Manifest.lock",
			);
			name = "[CP] Check Pods Manifest.lock";
			outputFileListPaths = (
			);
			outputPaths = (
				"$(DERIVED_FILE_DIR)/Pods-ParstagramUITests-checkManifestLockResult.txt",
			);
			runOnlyForDeploymentPostprocessing = 0;
			shellPath = /bin/sh;
			shellScript = "diff \"${PODS_PODFILE_DIR_PATH}/Podfile.lock\" \"${PODS_ROOT}/Manifest.lock\" > /dev/null\nif [ $? != 0 ] ; then\n    # print error to STDERR\n    echo \"error: The sandbox is not in sync with the Podfile.lock. Run 'pod install' or update your CocoaPods installation.\" >&2\n    exit 1\nfi\n# This output is used by Xcode 'outputs' to avoid re-running this script phase.\necho \"SUCCESS\" > \"${SCRIPT_OUTPUT_FILE_0}\"\n";
			showEnvVarsInLog = 0;
		};
/* End PBXShellScriptBuildPhase section */

/* Begin PBXSourcesBuildPhase section */
		1561CE1C2224A1DF001DDB45 /* Sources */ = {
			isa = PBXSourcesBuildPhase;
			buildActionMask = 2147483647;
			files = (
				1561CE522224A333001DDB45 /* LoginViewController.swift in Sources */,
				159E6A902224B54F00809C5E /* CameraViewController.swift in Sources */,
				159E6A8E2224B09900809C5E /* FeedViewController.swift in Sources */,
				1561CE242224A1DF001DDB45 /* AppDelegate.swift in Sources */,
				159E6A922224C52700809C5E /* PostCell.swift in Sources */,
				15DB3AC8222E42740001C2EB /* CommentCell.swift in Sources */,
			);
			runOnlyForDeploymentPostprocessing = 0;
		};
		1561CE302224A1E0001DDB45 /* Sources */ = {
			isa = PBXSourcesBuildPhase;
			buildActionMask = 2147483647;
			files = (
				1561CE392224A1E0001DDB45 /* ParstagramTests.swift in Sources */,
			);
			runOnlyForDeploymentPostprocessing = 0;
		};
		1561CE3B2224A1E0001DDB45 /* Sources */ = {
			isa = PBXSourcesBuildPhase;
			buildActionMask = 2147483647;
			files = (
				1561CE442224A1E0001DDB45 /* ParstagramUITests.swift in Sources */,
			);
			runOnlyForDeploymentPostprocessing = 0;
		};
/* End PBXSourcesBuildPhase section */

/* Begin PBXTargetDependency section */
		1561CE362224A1E0001DDB45 /* PBXTargetDependency */ = {
			isa = PBXTargetDependency;
			target = 1561CE1F2224A1DF001DDB45 /* Parstagram */;
			targetProxy = 1561CE352224A1E0001DDB45 /* PBXContainerItemProxy */;
		};
		1561CE412224A1E0001DDB45 /* PBXTargetDependency */ = {
			isa = PBXTargetDependency;
			target = 1561CE1F2224A1DF001DDB45 /* Parstagram */;
			targetProxy = 1561CE402224A1E0001DDB45 /* PBXContainerItemProxy */;
		};
/* End PBXTargetDependency section */

/* Begin PBXVariantGroup section */
		1561CE272224A1DF001DDB45 /* Main.storyboard */ = {
			isa = PBXVariantGroup;
			children = (
				1561CE282224A1DF001DDB45 /* Base */,
			);
			name = Main.storyboard;
			sourceTree = "<group>";
		};
		1561CE2C2224A1E0001DDB45 /* LaunchScreen.storyboard */ = {
			isa = PBXVariantGroup;
			children = (
				1561CE2D2224A1E0001DDB45 /* Base */,
			);
			name = LaunchScreen.storyboard;
			sourceTree = "<group>";
		};
/* End PBXVariantGroup section */

/* Begin XCBuildConfiguration section */
		1561CE462224A1E0001DDB45 /* Debug */ = {
			isa = XCBuildConfiguration;
			buildSettings = {
				ALWAYS_SEARCH_USER_PATHS = NO;
				CLANG_ANALYZER_NONNULL = YES;
				CLANG_ANALYZER_NUMBER_OBJECT_CONVERSION = YES_AGGRESSIVE;
				CLANG_CXX_LANGUAGE_STANDARD = "gnu++14";
				CLANG_CXX_LIBRARY = "libc++";
				CLANG_ENABLE_MODULES = YES;
				CLANG_ENABLE_OBJC_ARC = YES;
				CLANG_ENABLE_OBJC_WEAK = YES;
				CLANG_WARN_BLOCK_CAPTURE_AUTORELEASING = YES;
				CLANG_WARN_BOOL_CONVERSION = YES;
				CLANG_WARN_COMMA = YES;
				CLANG_WARN_CONSTANT_CONVERSION = YES;
				CLANG_WARN_DEPRECATED_OBJC_IMPLEMENTATIONS = YES;
				CLANG_WARN_DIRECT_OBJC_ISA_USAGE = YES_ERROR;
				CLANG_WARN_DOCUMENTATION_COMMENTS = YES;
				CLANG_WARN_EMPTY_BODY = YES;
				CLANG_WARN_ENUM_CONVERSION = YES;
				CLANG_WARN_INFINITE_RECURSION = YES;
				CLANG_WARN_INT_CONVERSION = YES;
				CLANG_WARN_NON_LITERAL_NULL_CONVERSION = YES;
				CLANG_WARN_OBJC_IMPLICIT_RETAIN_SELF = YES;
				CLANG_WARN_OBJC_LITERAL_CONVERSION = YES;
				CLANG_WARN_OBJC_ROOT_CLASS = YES_ERROR;
				CLANG_WARN_RANGE_LOOP_ANALYSIS = YES;
				CLANG_WARN_STRICT_PROTOTYPES = YES;
				CLANG_WARN_SUSPICIOUS_MOVE = YES;
				CLANG_WARN_UNGUARDED_AVAILABILITY = YES_AGGRESSIVE;
				CLANG_WARN_UNREACHABLE_CODE = YES;
				CLANG_WARN__DUPLICATE_METHOD_MATCH = YES;
				CODE_SIGN_IDENTITY = "iPhone Developer";
				COPY_PHASE_STRIP = NO;
				DEBUG_INFORMATION_FORMAT = dwarf;
				ENABLE_STRICT_OBJC_MSGSEND = YES;
				ENABLE_TESTABILITY = YES;
				GCC_C_LANGUAGE_STANDARD = gnu11;
				GCC_DYNAMIC_NO_PIC = NO;
				GCC_NO_COMMON_BLOCKS = YES;
				GCC_OPTIMIZATION_LEVEL = 0;
				GCC_PREPROCESSOR_DEFINITIONS = (
					"DEBUG=1",
					"$(inherited)",
				);
				GCC_WARN_64_TO_32_BIT_CONVERSION = YES;
				GCC_WARN_ABOUT_RETURN_TYPE = YES_ERROR;
				GCC_WARN_UNDECLARED_SELECTOR = YES;
				GCC_WARN_UNINITIALIZED_AUTOS = YES_AGGRESSIVE;
				GCC_WARN_UNUSED_FUNCTION = YES;
				GCC_WARN_UNUSED_VARIABLE = YES;
				IPHONEOS_DEPLOYMENT_TARGET = 12.1;
				MTL_ENABLE_DEBUG_INFO = INCLUDE_SOURCE;
				MTL_FAST_MATH = YES;
				ONLY_ACTIVE_ARCH = YES;
				SDKROOT = iphoneos;
				SWIFT_ACTIVE_COMPILATION_CONDITIONS = DEBUG;
				SWIFT_OPTIMIZATION_LEVEL = "-Onone";
			};
			name = Debug;
		};
		1561CE472224A1E0001DDB45 /* Release */ = {
			isa = XCBuildConfiguration;
			buildSettings = {
				ALWAYS_SEARCH_USER_PATHS = NO;
				CLANG_ANALYZER_NONNULL = YES;
				CLANG_ANALYZER_NUMBER_OBJECT_CONVERSION = YES_AGGRESSIVE;
				CLANG_CXX_LANGUAGE_STANDARD = "gnu++14";
				CLANG_CXX_LIBRARY = "libc++";
				CLANG_ENABLE_MODULES = YES;
				CLANG_ENABLE_OBJC_ARC = YES;
				CLANG_ENABLE_OBJC_WEAK = YES;
				CLANG_WARN_BLOCK_CAPTURE_AUTORELEASING = YES;
				CLANG_WARN_BOOL_CONVERSION = YES;
				CLANG_WARN_COMMA = YES;
				CLANG_WARN_CONSTANT_CONVERSION = YES;
				CLANG_WARN_DEPRECATED_OBJC_IMPLEMENTATIONS = YES;
				CLANG_WARN_DIRECT_OBJC_ISA_USAGE = YES_ERROR;
				CLANG_WARN_DOCUMENTATION_COMMENTS = YES;
				CLANG_WARN_EMPTY_BODY = YES;
				CLANG_WARN_ENUM_CONVERSION = YES;
				CLANG_WARN_INFINITE_RECURSION = YES;
				CLANG_WARN_INT_CONVERSION = YES;
				CLANG_WARN_NON_LITERAL_NULL_CONVERSION = YES;
				CLANG_WARN_OBJC_IMPLICIT_RETAIN_SELF = YES;
				CLANG_WARN_OBJC_LITERAL_CONVERSION = YES;
				CLANG_WARN_OBJC_ROOT_CLASS = YES_ERROR;
				CLANG_WARN_RANGE_LOOP_ANALYSIS = YES;
				CLANG_WARN_STRICT_PROTOTYPES = YES;
				CLANG_WARN_SUSPICIOUS_MOVE = YES;
				CLANG_WARN_UNGUARDED_AVAILABILITY = YES_AGGRESSIVE;
				CLANG_WARN_UNREACHABLE_CODE = YES;
				CLANG_WARN__DUPLICATE_METHOD_MATCH = YES;
				CODE_SIGN_IDENTITY = "iPhone Developer";
				COPY_PHASE_STRIP = NO;
				DEBUG_INFORMATION_FORMAT = "dwarf-with-dsym";
				ENABLE_NS_ASSERTIONS = NO;
				ENABLE_STRICT_OBJC_MSGSEND = YES;
				GCC_C_LANGUAGE_STANDARD = gnu11;
				GCC_NO_COMMON_BLOCKS = YES;
				GCC_WARN_64_TO_32_BIT_CONVERSION = YES;
				GCC_WARN_ABOUT_RETURN_TYPE = YES_ERROR;
				GCC_WARN_UNDECLARED_SELECTOR = YES;
				GCC_WARN_UNINITIALIZED_AUTOS = YES_AGGRESSIVE;
				GCC_WARN_UNUSED_FUNCTION = YES;
				GCC_WARN_UNUSED_VARIABLE = YES;
				IPHONEOS_DEPLOYMENT_TARGET = 12.1;
				MTL_ENABLE_DEBUG_INFO = NO;
				MTL_FAST_MATH = YES;
				SDKROOT = iphoneos;
				SWIFT_COMPILATION_MODE = wholemodule;
				SWIFT_OPTIMIZATION_LEVEL = "-O";
				VALIDATE_PRODUCT = YES;
			};
			name = Release;
		};
		1561CE492224A1E0001DDB45 /* Debug */ = {
			isa = XCBuildConfiguration;
			baseConfigurationReference = 699B873F7CC4EEAF707EA3D1 /* Pods-Parstagram.debug.xcconfig */;
			buildSettings = {
				ASSETCATALOG_COMPILER_APPICON_NAME = AppIcon;
				CODE_SIGN_STYLE = Automatic;
				INFOPLIST_FILE = Parstagram/Info.plist;
				LD_RUNPATH_SEARCH_PATHS = (
					"$(inherited)",
					"@executable_path/Frameworks",
				);
				PRODUCT_BUNDLE_IDENTIFIER = com.codepath.Parstagram;
				PRODUCT_NAME = "$(TARGET_NAME)";
				SWIFT_VERSION = 4.2;
				TARGETED_DEVICE_FAMILY = "1,2";
			};
			name = Debug;
		};
		1561CE4A2224A1E0001DDB45 /* Release */ = {
			isa = XCBuildConfiguration;
			baseConfigurationReference = 9FAE4A8B07EF7D2824798614 /* Pods-Parstagram.release.xcconfig */;
			buildSettings = {
				ASSETCATALOG_COMPILER_APPICON_NAME = AppIcon;
				CODE_SIGN_STYLE = Automatic;
				INFOPLIST_FILE = Parstagram/Info.plist;
				LD_RUNPATH_SEARCH_PATHS = (
					"$(inherited)",
					"@executable_path/Frameworks",
				);
				PRODUCT_BUNDLE_IDENTIFIER = com.codepath.Parstagram;
				PRODUCT_NAME = "$(TARGET_NAME)";
				SWIFT_VERSION = 4.2;
				TARGETED_DEVICE_FAMILY = "1,2";
			};
			name = Release;
		};
		1561CE4C2224A1E0001DDB45 /* Debug */ = {
			isa = XCBuildConfiguration;
			baseConfigurationReference = 1CDE8427D5DF2993894E805D /* Pods-ParstagramTests.debug.xcconfig */;
			buildSettings = {
				ALWAYS_EMBED_SWIFT_STANDARD_LIBRARIES = YES;
				BUNDLE_LOADER = "$(TEST_HOST)";
				CODE_SIGN_STYLE = Automatic;
				INFOPLIST_FILE = ParstagramTests/Info.plist;
				LD_RUNPATH_SEARCH_PATHS = (
					"$(inherited)",
					"@executable_path/Frameworks",
					"@loader_path/Frameworks",
				);
				PRODUCT_BUNDLE_IDENTIFIER = com.codepath.ParstagramTests;
				PRODUCT_NAME = "$(TARGET_NAME)";
				SWIFT_VERSION = 4.2;
				TARGETED_DEVICE_FAMILY = "1,2";
				TEST_HOST = "$(BUILT_PRODUCTS_DIR)/Parstagram.app/Parstagram";
			};
			name = Debug;
		};
		1561CE4D2224A1E0001DDB45 /* Release */ = {
			isa = XCBuildConfiguration;
			baseConfigurationReference = 365FA0DB13ED5EA662FEAB7C /* Pods-ParstagramTests.release.xcconfig */;
			buildSettings = {
				ALWAYS_EMBED_SWIFT_STANDARD_LIBRARIES = YES;
				BUNDLE_LOADER = "$(TEST_HOST)";
				CODE_SIGN_STYLE = Automatic;
				INFOPLIST_FILE = ParstagramTests/Info.plist;
				LD_RUNPATH_SEARCH_PATHS = (
					"$(inherited)",
					"@executable_path/Frameworks",
					"@loader_path/Frameworks",
				);
				PRODUCT_BUNDLE_IDENTIFIER = com.codepath.ParstagramTests;
				PRODUCT_NAME = "$(TARGET_NAME)";
				SWIFT_VERSION = 4.2;
				TARGETED_DEVICE_FAMILY = "1,2";
				TEST_HOST = "$(BUILT_PRODUCTS_DIR)/Parstagram.app/Parstagram";
			};
			name = Release;
		};
		1561CE4F2224A1E0001DDB45 /* Debug */ = {
			isa = XCBuildConfiguration;
			baseConfigurationReference = 7B3161A042D05B306C8D5CB2 /* Pods-ParstagramUITests.debug.xcconfig */;
			buildSettings = {
				ALWAYS_EMBED_SWIFT_STANDARD_LIBRARIES = YES;
				CODE_SIGN_STYLE = Automatic;
				INFOPLIST_FILE = ParstagramUITests/Info.plist;
				LD_RUNPATH_SEARCH_PATHS = (
					"$(inherited)",
					"@executable_path/Frameworks",
					"@loader_path/Frameworks",
				);
				PRODUCT_BUNDLE_IDENTIFIER = com.codepath.ParstagramUITests;
				PRODUCT_NAME = "$(TARGET_NAME)";
				SWIFT_VERSION = 4.2;
				TARGETED_DEVICE_FAMILY = "1,2";
				TEST_TARGET_NAME = Parstagram;
			};
			name = Debug;
		};
		1561CE502224A1E0001DDB45 /* Release */ = {
			isa = XCBuildConfiguration;
			baseConfigurationReference = 3DDA4166F92CBC1D2E03CF7E /* Pods-ParstagramUITests.release.xcconfig */;
			buildSettings = {
				ALWAYS_EMBED_SWIFT_STANDARD_LIBRARIES = YES;
				CODE_SIGN_STYLE = Automatic;
				INFOPLIST_FILE = ParstagramUITests/Info.plist;
				LD_RUNPATH_SEARCH_PATHS = (
					"$(inherited)",
					"@executable_path/Frameworks",
					"@loader_path/Frameworks",
				);
				PRODUCT_BUNDLE_IDENTIFIER = com.codepath.ParstagramUITests;
				PRODUCT_NAME = "$(TARGET_NAME)";
				SWIFT_VERSION = 4.2;
				TARGETED_DEVICE_FAMILY = "1,2";
				TEST_TARGET_NAME = Parstagram;
			};
			name = Release;
		};
/* End XCBuildConfiguration section */

/* Begin XCConfigurationList section */
		1561CE1B2224A1DF001DDB45 /* Build configuration list for PBXProject "Parstagram" */ = {
			isa = XCConfigurationList;
			buildConfigurations = (
				1561CE462224A1E0001DDB45 /* Debug */,
				1561CE472224A1E0001DDB45 /* Release */,
			);
			defaultConfigurationIsVisible = 0;
			defaultConfigurationName = Release;
		};
		1561CE482224A1E0001DDB45 /* Build configuration list for PBXNativeTarget "Parstagram" */ = {
			isa = XCConfigurationList;
			buildConfigurations = (
				1561CE492224A1E0001DDB45 /* Debug */,
				1561CE4A2224A1E0001DDB45 /* Release */,
			);
			defaultConfigurationIsVisible = 0;
			defaultConfigurationName = Release;
		};
		1561CE4B2224A1E0001DDB45 /* Build configuration list for PBXNativeTarget "ParstagramTests" */ = {
			isa = XCConfigurationList;
			buildConfigurations = (
				1561CE4C2224A1E0001DDB45 /* Debug */,
				1561CE4D2224A1E0001DDB45 /* Release */,
			);
			defaultConfigurationIsVisible = 0;
			defaultConfigurationName = Release;
		};
		1561CE4E2224A1E0001DDB45 /* Build configuration list for PBXNativeTarget "ParstagramUITests" */ = {
			isa = XCConfigurationList;
			buildConfigurations = (
				1561CE4F2224A1E0001DDB45 /* Debug */,
				1561CE502224A1E0001DDB45 /* Release */,
			);
			defaultConfigurationIsVisible = 0;
			defaultConfigurationName = Release;
		};
/* End XCConfigurationList section */
	};
	rootObject = 1561CE182224A1DF001DDB45 /* Project object */;
}
